
Microsoft Visual Studio Solution File, Format Version 12.00
# Visual Studio Version 17
VisualStudioVersion = 17.4.33403.182
MinimumVisualStudioVersion = 10.0.40219.1
Project("{FAE04EC0-301F-11D3-BF4B-00C04F79EFBC}") = "To-Do-List", "To-Do-List\To-Do-List.csproj", "{6DA09330-ED1E-4D0C-B33B-7319E24CB045}"
EndProject
Global
	GlobalSection(SolutionConfigurationPlatforms) = preSolution
		Debug|Any CPU = Debug|Any CPU
		Release|Any CPU = Release|Any CPU
	EndGlobalSection
	GlobalSection(ProjectConfigurationPlatforms) = postSolution
		{6DA09330-ED1E-4D0C-B33B-7319E24CB045}.Debug|Any CPU.ActiveCfg = Debug|Any CPU
		{6DA09330-ED1E-4D0C-B33B-7319E24CB045}.Debug|Any CPU.Build.0 = Debug|Any CPU
		{6DA09330-ED1E-4D0C-B33B-7319E24CB045}.Release|Any CPU.ActiveCfg = Release|Any CPU
		{6DA09330-ED1E-4D0C-B33B-7319E24CB045}.Release|Any CPU.Build.0 = Release|Any CPU
	EndGlobalSection
	GlobalSection(SolutionProperties) = preSolution
		HideSolutionNode = FALSE
	EndGlobalSection
	GlobalSection(ExtensibilityGlobals) = postSolution
		SolutionGuid = {5637D4FD-AABB-4C05-BE8A-6D2F9040CB5D}
	EndGlobalSection
EndGlobal
